
Microsoft Visual Studio Solution File, Format Version 12.00
# Visual Studio Version 17
VisualStudioVersion = 17.6.33801.468
MinimumVisualStudioVersion = 10.0.40219.1
Project("{FAE04EC0-301F-11D3-BF4B-00C04F79EFBC}") = "rightsolutions4u.common", "rightsolutions4u.common\rightsolutions4u.common.csproj", "{B4CC6C05-668B-4A9D-8427-2F0C0390C557}"
EndProject
Project("{FAE04EC0-301F-11D3-BF4B-00C04F79EFBC}") = "rightsolutions4u.UI", "rightsolutions4u.UI\rightsolutions4u.UI.csproj", "{D4E656A0-F376-4E86-B015-66550FFB7DD8}"
EndProject
Project("{FAE04EC0-301F-11D3-BF4B-00C04F79EFBC}") = "rightsolutions4u.API", "rightsolutions4u.API\rightsolutions4u.API.csproj", "{EF29A146-8DB1-460E-AFF3-9914A54395A4}"
EndProject
Global
	GlobalSection(SolutionConfigurationPlatforms) = preSolution
		Debug|Any CPU = Debug|Any CPU
		Release|Any CPU = Release|Any CPU
	EndGlobalSection
	GlobalSection(ProjectConfigurationPlatforms) = postSolution
		{B4CC6C05-668B-4A9D-8427-2F0C0390C557}.Debug|Any CPU.ActiveCfg = Debug|Any CPU
		{B4CC6C05-668B-4A9D-8427-2F0C0390C557}.Debug|Any CPU.Build.0 = Debug|Any CPU
		{B4CC6C05-668B-4A9D-8427-2F0C0390C557}.Release|Any CPU.ActiveCfg = Release|Any CPU
		{B4CC6C05-668B-4A9D-8427-2F0C0390C557}.Release|Any CPU.Build.0 = Release|Any CPU
		{D4E656A0-F376-4E86-B015-66550FFB7DD8}.Debug|Any CPU.ActiveCfg = Debug|Any CPU
		{D4E656A0-F376-4E86-B015-66550FFB7DD8}.Debug|Any CPU.Build.0 = Debug|Any CPU
		{D4E656A0-F376-4E86-B015-66550FFB7DD8}.Release|Any CPU.ActiveCfg = Release|Any CPU
		{D4E656A0-F376-4E86-B015-66550FFB7DD8}.Release|Any CPU.Build.0 = Release|Any CPU
		{EF29A146-8DB1-460E-AFF3-9914A54395A4}.Debug|Any CPU.ActiveCfg = Debug|Any CPU
		{EF29A146-8DB1-460E-AFF3-9914A54395A4}.Debug|Any CPU.Build.0 = Debug|Any CPU
		{EF29A146-8DB1-460E-AFF3-9914A54395A4}.Release|Any CPU.ActiveCfg = Release|Any CPU
		{EF29A146-8DB1-460E-AFF3-9914A54395A4}.Release|Any CPU.Build.0 = Release|Any CPU
	EndGlobalSection
	GlobalSection(SolutionProperties) = preSolution
		HideSolutionNode = FALSE
	EndGlobalSection
	GlobalSection(ExtensibilityGlobals) = postSolution
		SolutionGuid = {446459E2-86FD-4399-939F-2CA9F907CC67}
	EndGlobalSection
EndGlobal
